schema: '2.0'
stages:
  data_collection:
    cmd: python src/data_collection.py
    deps:
    - path: src/data_collection.py
      hash: md5
      md5: 245473d5b56dceea0094d33595133c53
      size: 640
    params:
      params.yaml:
        data_collection.test_size: 0.2
    outs:
    - path: data/raw
      hash: md5
      md5: 2cb722df52fefe99efe57b62a624326d.dir
      size: 1299
      nfiles: 2
  data_preprocessing:
    cmd: python src/data_prep.py
    deps:
    - path: data/raw
      hash: md5
      md5: 2cb722df52fefe99efe57b62a624326d.dir
      size: 1299
      nfiles: 2
    - path: src/data_prep.py
      hash: md5
      md5: 6a85799ae9494d14cc363a998d08735c
      size: 807
    outs:
    - path: data/processed
      hash: md5
      md5: dbe6224f9639bc808ace6b22dc2b42fd.dir
      size: 1299
      nfiles: 2
  model_training:
    cmd: python src/model_building.py
    deps:
    - path: data/processed
      hash: md5
      md5: dbe6224f9639bc808ace6b22dc2b42fd.dir
      size: 1299
      nfiles: 2
    - path: src/model_building.py
      hash: md5
      md5: 5fb5b17bb872811cb1c993a286ac1205
      size: 1315
    outs:
    - path: model.pkl
      hash: md5
      md5: b75c1cca1fcacea49ecef3a3a6c8f917
      size: 60768
  model_evaluation:
    cmd: python src/model_eval.py
    deps:
    - path: model.pkl
      hash: md5
      md5: b75c1cca1fcacea49ecef3a3a6c8f917
      size: 60768
    - path: src/model_eval.py
      hash: md5
      md5: 9eeac4f14b37a835b71412097fa42f5c
      size: 1895
    outs:
    - path: metrics.json
      hash: md5
      md5: 7129a485dfc9edad60bd93ab562729e0
      size: 446
